
Microsoft Visual Studio Solution File, Format Version 12.00
# Visual Studio Version 16
VisualStudioVersion = 16.0.30011.22
MinimumVisualStudioVersion = 15.0.26124.0
Project("{9A19103F-16F7-4668-BE54-9A1E7A4F7556}") = "Lab06Zoo", "Lab06Zoo\Lab06Zoo.csproj", "{8EA22C2E-9567-4605-B5C2-A515B393311A}"
EndProject
Project("{FAE04EC0-301F-11D3-BF4B-00C04F79EFBC}") = "Lab06Zoo.tests", "Lab06Zoo.tests\Lab06Zoo.tests.csproj", "{5AA287FE-E1BC-4F44-BFD0-C6015EBDA744}"
EndProject
Global
	GlobalSection(SolutionConfigurationPlatforms) = preSolution
		Debug|Any CPU = Debug|Any CPU
		Debug|x64 = Debug|x64
		Debug|x86 = Debug|x86
		Release|Any CPU = Release|Any CPU
		Release|x64 = Release|x64
		Release|x86 = Release|x86
	EndGlobalSection
	GlobalSection(ProjectConfigurationPlatforms) = postSolution
		{8EA22C2E-9567-4605-B5C2-A515B393311A}.Debug|Any CPU.ActiveCfg = Debug|Any CPU
		{8EA22C2E-9567-4605-B5C2-A515B393311A}.Debug|Any CPU.Build.0 = Debug|Any CPU
		{8EA22C2E-9567-4605-B5C2-A515B393311A}.Debug|x64.ActiveCfg = Debug|Any CPU
		{8EA22C2E-9567-4605-B5C2-A515B393311A}.Debug|x64.Build.0 = Debug|Any CPU
		{8EA22C2E-9567-4605-B5C2-A515B393311A}.Debug|x86.ActiveCfg = Debug|Any CPU
		{8EA22C2E-9567-4605-B5C2-A515B393311A}.Debug|x86.Build.0 = Debug|Any CPU
		{8EA22C2E-9567-4605-B5C2-A515B393311A}.Release|Any CPU.ActiveCfg = Release|Any CPU
		{8EA22C2E-9567-4605-B5C2-A515B393311A}.Release|Any CPU.Build.0 = Release|Any CPU
		{8EA22C2E-9567-4605-B5C2-A515B393311A}.Release|x64.ActiveCfg = Release|Any CPU
		{8EA22C2E-9567-4605-B5C2-A515B393311A}.Release|x64.Build.0 = Release|Any CPU
		{8EA22C2E-9567-4605-B5C2-A515B393311A}.Release|x86.ActiveCfg = Release|Any CPU
		{8EA22C2E-9567-4605-B5C2-A515B393311A}.Release|x86.Build.0 = Release|Any CPU
		{5AA287FE-E1BC-4F44-BFD0-C6015EBDA744}.Debug|Any CPU.ActiveCfg = Debug|Any CPU
		{5AA287FE-E1BC-4F44-BFD0-C6015EBDA744}.Debug|Any CPU.Build.0 = Debug|Any CPU
		{5AA287FE-E1BC-4F44-BFD0-C6015EBDA744}.Debug|x64.ActiveCfg = Debug|Any CPU
		{5AA287FE-E1BC-4F44-BFD0-C6015EBDA744}.Debug|x64.Build.0 = Debug|Any CPU
		{5AA287FE-E1BC-4F44-BFD0-C6015EBDA744}.Debug|x86.ActiveCfg = Debug|Any CPU
		{5AA287FE-E1BC-4F44-BFD0-C6015EBDA744}.Debug|x86.Build.0 = Debug|Any CPU
		{5AA287FE-E1BC-4F44-BFD0-C6015EBDA744}.Release|Any CPU.ActiveCfg = Release|Any CPU
		{5AA287FE-E1BC-4F44-BFD0-C6015EBDA744}.Release|Any CPU.Build.0 = Release|Any CPU
		{5AA287FE-E1BC-4F44-BFD0-C6015EBDA744}.Release|x64.ActiveCfg = Release|Any CPU
		{5AA287FE-E1BC-4F44-BFD0-C6015EBDA744}.Release|x64.Build.0 = Release|Any CPU
		{5AA287FE-E1BC-4F44-BFD0-C6015EBDA744}.Release|x86.ActiveCfg = Release|Any CPU
		{5AA287FE-E1BC-4F44-BFD0-C6015EBDA744}.Release|x86.Build.0 = Release|Any CPU
	EndGlobalSection
	GlobalSection(SolutionProperties) = preSolution
		HideSolutionNode = FALSE
	EndGlobalSection
	GlobalSection(ExtensibilityGlobals) = postSolution
		SolutionGuid = {5D10B521-0569-4E64-AF78-A96F0620B796}
	EndGlobalSection
EndGlobal
